
Microsoft Visual Studio Solution File, Format Version 12.00
# Visual Studio Version 17
VisualStudioVersion = 17.5.002.0
MinimumVisualStudioVersion = 10.0.40219.1
Project("{2150E333-8FDC-42A3-9474-1A3956D46DE8}") = "csharp-prep", "csharp-prep", "{44996BDA-D10C-42E2-BCB4-FE7C2215B6FA}"
EndProject
Project("{9A19103F-16F7-4668-BE54-9A1E7A4F7556}") = "Prep1", "csharp-prep\Prep1\Prep1.csproj", "{333A885F-24D5-4FD2-82E1-FCDA1B056683}"
EndProject
Project("{9A19103F-16F7-4668-BE54-9A1E7A4F7556}") = "Prep2", "csharp-prep\Prep2\Prep2.csproj", "{ED9347AF-5C37-4A9C-BD36-F446E205A2AE}"
EndProject
Project("{9A19103F-16F7-4668-BE54-9A1E7A4F7556}") = "Prep3", "csharp-prep\Prep3\Prep3.csproj", "{DDCC9C3E-43E0-4EB2-8327-4B64FD432BBC}"
EndProject
Project("{9A19103F-16F7-4668-BE54-9A1E7A4F7556}") = "Prep4", "csharp-prep\Prep4\Prep4.csproj", "{1AD34F64-AFA4-4BB5-854C-01C0BFDF3A18}"
EndProject
Project("{9A19103F-16F7-4668-BE54-9A1E7A4F7556}") = "Prep5", "csharp-prep\Prep5\Prep5.csproj", "{FE10464C-C30A-487F-AC76-624E8F5602DE}"
EndProject
Project("{2150E333-8FDC-42A3-9474-1A3956D46DE8}") = "final", "final", "{79384C70-D8D9-4953-A214-6DB677DFAFA0}"
EndProject
Project("{9A19103F-16F7-4668-BE54-9A1E7A4F7556}") = "FinalProject", "final\FinalProject\FinalProject.csproj", "{C7EA937C-CC03-4831-97C0-7F7AA6EF028C}"
EndProject
Project("{9A19103F-16F7-4668-BE54-9A1E7A4F7556}") = "Foundation1", "final\Foundation1\Foundation1.csproj", "{BB5642BC-69C3-433F-8CB2-04BC8DEB5CC9}"
EndProject
Project("{9A19103F-16F7-4668-BE54-9A1E7A4F7556}") = "Foundation2", "final\Foundation2\Foundation2.csproj", "{25EFDD00-5841-4FE2-A9D5-D4182D9057A8}"
EndProject
Project("{9A19103F-16F7-4668-BE54-9A1E7A4F7556}") = "Foundation3", "final\Foundation3\Foundation3.csproj", "{78939DDB-FF42-44EA-84E4-4557E055F4C6}"
EndProject
Project("{9A19103F-16F7-4668-BE54-9A1E7A4F7556}") = "Foundation4", "final\Foundation4\Foundation4.csproj", "{FB4F85D9-BDAD-4D3A-BEED-E9BC119811A1}"
EndProject
Project("{2150E333-8FDC-42A3-9474-1A3956D46DE8}") = "prepare", "prepare", "{D27EE466-9A09-4E53-A1F0-913CBC50ECCD}"
EndProject
Project("{9A19103F-16F7-4668-BE54-9A1E7A4F7556}") = "Learning02", "prepare\Learning02\Learning02.csproj", "{6057C2A6-60AB-405E-AD6B-729880F01BAB}"
EndProject
Project("{9A19103F-16F7-4668-BE54-9A1E7A4F7556}") = "Learning03", "prepare\Learning03\Learning03.csproj", "{3598EA54-CD60-4FFF-8541-ED9AF3F0AEE5}"
EndProject
Project("{9A19103F-16F7-4668-BE54-9A1E7A4F7556}") = "Learning04", "prepare\Learning04\Learning04.csproj", "{D6C7A79A-EF29-4762-BDF4-34B747FD78F3}"
EndProject
Project("{9A19103F-16F7-4668-BE54-9A1E7A4F7556}") = "Learning05", "prepare\Learning05\Learning05.csproj", "{A5B09BB3-6B35-4E08-9078-DCC939B6BE7C}"
EndProject
Project("{2150E333-8FDC-42A3-9474-1A3956D46DE8}") = "prove", "prove", "{559D522D-F2E0-417F-81B6-1ED8E515B0B1}"
EndProject
Project("{9A19103F-16F7-4668-BE54-9A1E7A4F7556}") = "Develop02", "prove\Develop02\Develop02.csproj", "{275516A2-6DBF-46AB-B01B-FD2D9EE45BC6}"
EndProject
Project("{9A19103F-16F7-4668-BE54-9A1E7A4F7556}") = "Develop03", "prove\Develop03\Develop03.csproj", "{8771E0D8-631F-4A35-BC61-1B8AA84C7214}"
EndProject
Project("{9A19103F-16F7-4668-BE54-9A1E7A4F7556}") = "Develop04", "prove\Develop04\Develop04.csproj", "{14C96B7A-8759-4060-84FC-9703E922158E}"
EndProject
Project("{9A19103F-16F7-4668-BE54-9A1E7A4F7556}") = "Develop05", "prove\Develop05\Develop05.csproj", "{B257709E-B1E6-4051-955E-E740D37FC72C}"
EndProject
Project("{2150E333-8FDC-42A3-9474-1A3956D46DE8}") = "sandbox", "sandbox", "{4A2B2DE6-49F9-4FC0-A7D6-BC1A014319AF}"
EndProject
Project("{9A19103F-16F7-4668-BE54-9A1E7A4F7556}") = "Sandbox", "sandbox\Sandbox\Sandbox.csproj", "{240C9DCE-DF65-4794-AC48-1D1095B3BF93}"
EndProject
Global
	GlobalSection(SolutionConfigurationPlatforms) = preSolution
		Debug|Any CPU = Debug|Any CPU
		Release|Any CPU = Release|Any CPU
	EndGlobalSection
	GlobalSection(ProjectConfigurationPlatforms) = postSolution
		{333A885F-24D5-4FD2-82E1-FCDA1B056683}.Debug|Any CPU.ActiveCfg = Debug|Any CPU
		{333A885F-24D5-4FD2-82E1-FCDA1B056683}.Debug|Any CPU.Build.0 = Debug|Any CPU
		{333A885F-24D5-4FD2-82E1-FCDA1B056683}.Release|Any CPU.ActiveCfg = Release|Any CPU
		{333A885F-24D5-4FD2-82E1-FCDA1B056683}.Release|Any CPU.Build.0 = Release|Any CPU
		{ED9347AF-5C37-4A9C-BD36-F446E205A2AE}.Debug|Any CPU.ActiveCfg = Debug|Any CPU
		{ED9347AF-5C37-4A9C-BD36-F446E205A2AE}.Debug|Any CPU.Build.0 = Debug|Any CPU
		{ED9347AF-5C37-4A9C-BD36-F446E205A2AE}.Release|Any CPU.ActiveCfg = Release|Any CPU
		{ED9347AF-5C37-4A9C-BD36-F446E205A2AE}.Release|Any CPU.Build.0 = Release|Any CPU
		{DDCC9C3E-43E0-4EB2-8327-4B64FD432BBC}.Debug|Any CPU.ActiveCfg = Debug|Any CPU
		{DDCC9C3E-43E0-4EB2-8327-4B64FD432BBC}.Debug|Any CPU.Build.0 = Debug|Any CPU
		{DDCC9C3E-43E0-4EB2-8327-4B64FD432BBC}.Release|Any CPU.ActiveCfg = Release|Any CPU
		{DDCC9C3E-43E0-4EB2-8327-4B64FD432BBC}.Release|Any CPU.Build.0 = Release|Any CPU
		{1AD34F64-AFA4-4BB5-854C-01C0BFDF3A18}.Debug|Any CPU.ActiveCfg = Debug|Any CPU
		{1AD34F64-AFA4-4BB5-854C-01C0BFDF3A18}.Debug|Any CPU.Build.0 = Debug|Any CPU
		{1AD34F64-AFA4-4BB5-854C-01C0BFDF3A18}.Release|Any CPU.ActiveCfg = Release|Any CPU
		{1AD34F64-AFA4-4BB5-854C-01C0BFDF3A18}.Release|Any CPU.Build.0 = Release|Any CPU
		{FE10464C-C30A-487F-AC76-624E8F5602DE}.Debug|Any CPU.ActiveCfg = Debug|Any CPU
		{FE10464C-C30A-487F-AC76-624E8F5602DE}.Debug|Any CPU.Build.0 = Debug|Any CPU
		{FE10464C-C30A-487F-AC76-624E8F5602DE}.Release|Any CPU.ActiveCfg = Release|Any CPU
		{FE10464C-C30A-487F-AC76-624E8F5602DE}.Release|Any CPU.Build.0 = Release|Any CPU
		{C7EA937C-CC03-4831-97C0-7F7AA6EF028C}.Debug|Any CPU.ActiveCfg = Debug|Any CPU
		{C7EA937C-CC03-4831-97C0-7F7AA6EF028C}.Debug|Any CPU.Build.0 = Debug|Any CPU
		{C7EA937C-CC03-4831-97C0-7F7AA6EF028C}.Release|Any CPU.ActiveCfg = Release|Any CPU
		{C7EA937C-CC03-4831-97C0-7F7AA6EF028C}.Release|Any CPU.Build.0 = Release|Any CPU
		{BB5642BC-69C3-433F-8CB2-04BC8DEB5CC9}.Debug|Any CPU.ActiveCfg = Debug|Any CPU
		{BB5642BC-69C3-433F-8CB2-04BC8DEB5CC9}.Debug|Any CPU.Build.0 = Debug|Any CPU
		{BB5642BC-69C3-433F-8CB2-04BC8DEB5CC9}.Release|Any CPU.ActiveCfg = Release|Any CPU
		{BB5642BC-69C3-433F-8CB2-04BC8DEB5CC9}.Release|Any CPU.Build.0 = Release|Any CPU
		{25EFDD00-5841-4FE2-A9D5-D4182D9057A8}.Debug|Any CPU.ActiveCfg = Debug|Any CPU
		{25EFDD00-5841-4FE2-A9D5-D4182D9057A8}.Debug|Any CPU.Build.0 = Debug|Any CPU
		{25EFDD00-5841-4FE2-A9D5-D4182D9057A8}.Release|Any CPU.ActiveCfg = Release|Any CPU
		{25EFDD00-5841-4FE2-A9D5-D4182D9057A8}.Release|Any CPU.Build.0 = Release|Any CPU
		{78939DDB-FF42-44EA-84E4-4557E055F4C6}.Debug|Any CPU.ActiveCfg = Debug|Any CPU
		{78939DDB-FF42-44EA-84E4-4557E055F4C6}.Debug|Any CPU.Build.0 = Debug|Any CPU
		{78939DDB-FF42-44EA-84E4-4557E055F4C6}.Release|Any CPU.ActiveCfg = Release|Any CPU
		{78939DDB-FF42-44EA-84E4-4557E055F4C6}.Release|Any CPU.Build.0 = Release|Any CPU
		{FB4F85D9-BDAD-4D3A-BEED-E9BC119811A1}.Debug|Any CPU.ActiveCfg = Debug|Any CPU
		{FB4F85D9-BDAD-4D3A-BEED-E9BC119811A1}.Debug|Any CPU.Build.0 = Debug|Any CPU
		{FB4F85D9-BDAD-4D3A-BEED-E9BC119811A1}.Release|Any CPU.ActiveCfg = Release|Any CPU
		{FB4F85D9-BDAD-4D3A-BEED-E9BC119811A1}.Release|Any CPU.Build.0 = Release|Any CPU
		{6057C2A6-60AB-405E-AD6B-729880F01BAB}.Debug|Any CPU.ActiveCfg = Debug|Any CPU
		{6057C2A6-60AB-405E-AD6B-729880F01BAB}.Debug|Any CPU.Build.0 = Debug|Any CPU
		{6057C2A6-60AB-405E-AD6B-729880F01BAB}.Release|Any CPU.ActiveCfg = Release|Any CPU
		{6057C2A6-60AB-405E-AD6B-729880F01BAB}.Release|Any CPU.Build.0 = Release|Any CPU
		{3598EA54-CD60-4FFF-8541-ED9AF3F0AEE5}.Debug|Any CPU.ActiveCfg = Debug|Any CPU
		{3598EA54-CD60-4FFF-8541-ED9AF3F0AEE5}.Debug|Any CPU.Build.0 = Debug|Any CPU
		{3598EA54-CD60-4FFF-8541-ED9AF3F0AEE5}.Release|Any CPU.ActiveCfg = Release|Any CPU
		{3598EA54-CD60-4FFF-8541-ED9AF3F0AEE5}.Release|Any CPU.Build.0 = Release|Any CPU
		{D6C7A79A-EF29-4762-BDF4-34B747FD78F3}.Debug|Any CPU.ActiveCfg = Debug|Any CPU
		{D6C7A79A-EF29-4762-BDF4-34B747FD78F3}.Debug|Any CPU.Build.0 = Debug|Any CPU
		{D6C7A79A-EF29-4762-BDF4-34B747FD78F3}.Release|Any CPU.ActiveCfg = Release|Any CPU
		{D6C7A79A-EF29-4762-BDF4-34B747FD78F3}.Release|Any CPU.Build.0 = Release|Any CPU
		{A5B09BB3-6B35-4E08-9078-DCC939B6BE7C}.Debug|Any CPU.ActiveCfg = Debug|Any CPU
		{A5B09BB3-6B35-4E08-9078-DCC939B6BE7C}.Debug|Any CPU.Build.0 = Debug|Any CPU
		{A5B09BB3-6B35-4E08-9078-DCC939B6BE7C}.Release|Any CPU.ActiveCfg = Release|Any CPU
		{A5B09BB3-6B35-4E08-9078-DCC939B6BE7C}.Release|Any CPU.Build.0 = Release|Any CPU
		{275516A2-6DBF-46AB-B01B-FD2D9EE45BC6}.Debug|Any CPU.ActiveCfg = Debug|Any CPU
		{275516A2-6DBF-46AB-B01B-FD2D9EE45BC6}.Debug|Any CPU.Build.0 = Debug|Any CPU
		{275516A2-6DBF-46AB-B01B-FD2D9EE45BC6}.Release|Any CPU.ActiveCfg = Release|Any CPU
		{275516A2-6DBF-46AB-B01B-FD2D9EE45BC6}.Release|Any CPU.Build.0 = Release|Any CPU
		{8771E0D8-631F-4A35-BC61-1B8AA84C7214}.Debug|Any CPU.ActiveCfg = Debug|Any CPU
		{8771E0D8-631F-4A35-BC61-1B8AA84C7214}.Debug|Any CPU.Build.0 = Debug|Any CPU
		{8771E0D8-631F-4A35-BC61-1B8AA84C7214}.Release|Any CPU.ActiveCfg = Release|Any CPU
		{8771E0D8-631F-4A35-BC61-1B8AA84C7214}.Release|Any CPU.Build.0 = Release|Any CPU
		{14C96B7A-8759-4060-84FC-9703E922158E}.Debug|Any CPU.ActiveCfg = Debug|Any CPU
		{14C96B7A-8759-4060-84FC-9703E922158E}.Debug|Any CPU.Build.0 = Debug|Any CPU
		{14C96B7A-8759-4060-84FC-9703E922158E}.Release|Any CPU.ActiveCfg = Release|Any CPU
		{14C96B7A-8759-4060-84FC-9703E922158E}.Release|Any CPU.Build.0 = Release|Any CPU
		{B257709E-B1E6-4051-955E-E740D37FC72C}.Debug|Any CPU.ActiveCfg = Debug|Any CPU
		{B257709E-B1E6-4051-955E-E740D37FC72C}.Debug|Any CPU.Build.0 = Debug|Any CPU
		{B257709E-B1E6-4051-955E-E740D37FC72C}.Release|Any CPU.ActiveCfg = Release|Any CPU
		{B257709E-B1E6-4051-955E-E740D37FC72C}.Release|Any CPU.Build.0 = Release|Any CPU
		{240C9DCE-DF65-4794-AC48-1D1095B3BF93}.Debug|Any CPU.ActiveCfg = Debug|Any CPU
		{240C9DCE-DF65-4794-AC48-1D1095B3BF93}.Debug|Any CPU.Build.0 = Debug|Any CPU
		{240C9DCE-DF65-4794-AC48-1D1095B3BF93}.Release|Any CPU.ActiveCfg = Release|Any CPU
		{240C9DCE-DF65-4794-AC48-1D1095B3BF93}.Release|Any CPU.Build.0 = Release|Any CPU
	EndGlobalSection
	GlobalSection(SolutionProperties) = preSolution
		HideSolutionNode = FALSE
	EndGlobalSection
	GlobalSection(NestedProjects) = preSolution
		{333A885F-24D5-4FD2-82E1-FCDA1B056683} = {44996BDA-D10C-42E2-BCB4-FE7C2215B6FA}
		{ED9347AF-5C37-4A9C-BD36-F446E205A2AE} = {44996BDA-D10C-42E2-BCB4-FE7C2215B6FA}
		{DDCC9C3E-43E0-4EB2-8327-4B64FD432BBC} = {44996BDA-D10C-42E2-BCB4-FE7C2215B6FA}
		{1AD34F64-AFA4-4BB5-854C-01C0BFDF3A18} = {44996BDA-D10C-42E2-BCB4-FE7C2215B6FA}
		{FE10464C-C30A-487F-AC76-624E8F5602DE} = {44996BDA-D10C-42E2-BCB4-FE7C2215B6FA}
		{C7EA937C-CC03-4831-97C0-7F7AA6EF028C} = {79384C70-D8D9-4953-A214-6DB677DFAFA0}
		{BB5642BC-69C3-433F-8CB2-04BC8DEB5CC9} = {79384C70-D8D9-4953-A214-6DB677DFAFA0}
		{25EFDD00-5841-4FE2-A9D5-D4182D9057A8} = {79384C70-D8D9-4953-A214-6DB677DFAFA0}
		{78939DDB-FF42-44EA-84E4-4557E055F4C6} = {79384C70-D8D9-4953-A214-6DB677DFAFA0}
		{FB4F85D9-BDAD-4D3A-BEED-E9BC119811A1} = {79384C70-D8D9-4953-A214-6DB677DFAFA0}
		{6057C2A6-60AB-405E-AD6B-729880F01BAB} = {D27EE466-9A09-4E53-A1F0-913CBC50ECCD}
		{3598EA54-CD60-4FFF-8541-ED9AF3F0AEE5} = {D27EE466-9A09-4E53-A1F0-913CBC50ECCD}
		{D6C7A79A-EF29-4762-BDF4-34B747FD78F3} = {D27EE466-9A09-4E53-A1F0-913CBC50ECCD}
		{A5B09BB3-6B35-4E08-9078-DCC939B6BE7C} = {D27EE466-9A09-4E53-A1F0-913CBC50ECCD}
		{275516A2-6DBF-46AB-B01B-FD2D9EE45BC6} = {559D522D-F2E0-417F-81B6-1ED8E515B0B1}
		{8771E0D8-631F-4A35-BC61-1B8AA84C7214} = {559D522D-F2E0-417F-81B6-1ED8E515B0B1}
		{14C96B7A-8759-4060-84FC-9703E922158E} = {559D522D-F2E0-417F-81B6-1ED8E515B0B1}
		{B257709E-B1E6-4051-955E-E740D37FC72C} = {559D522D-F2E0-417F-81B6-1ED8E515B0B1}
		{240C9DCE-DF65-4794-AC48-1D1095B3BF93} = {4A2B2DE6-49F9-4FC0-A7D6-BC1A014319AF}
	EndGlobalSection
	GlobalSection(ExtensibilityGlobals) = postSolution
		SolutionGuid = {94523EFC-4AB1-49D2-9AC2-FF8C0A7872EB}
	EndGlobalSection
EndGlobal
